
Microsoft Visual Studio Solution File, Format Version 12.00
# Visual Studio Version 17
VisualStudioVersion = 17.1.32319.34
MinimumVisualStudioVersion = 10.0.40219.1
Project("{FAE04EC0-301F-11D3-BF4B-00C04F79EFBC}") = "Operator Exercise", "Operator Exercise.csproj", "{A337CC4B-643A-430B-8166-B64994AB61ED}"
EndProject
Global
	GlobalSection(SolutionConfigurationPlatforms) = preSolution
		Debug|Any CPU = Debug|Any CPU
		Release|Any CPU = Release|Any CPU
	EndGlobalSection
	GlobalSection(ProjectConfigurationPlatforms) = postSolution
		{A337CC4B-643A-430B-8166-B64994AB61ED}.Debug|Any CPU.ActiveCfg = Debug|Any CPU
		{A337CC4B-643A-430B-8166-B64994AB61ED}.Debug|Any CPU.Build.0 = Debug|Any CPU
		{A337CC4B-643A-430B-8166-B64994AB61ED}.Release|Any CPU.ActiveCfg = Release|Any CPU
		{A337CC4B-643A-430B-8166-B64994AB61ED}.Release|Any CPU.Build.0 = Release|Any CPU
	EndGlobalSection
	GlobalSection(SolutionProperties) = preSolution
		HideSolutionNode = FALSE
	EndGlobalSection
	GlobalSection(ExtensibilityGlobals) = postSolution
		SolutionGuid = {AF6E9994-CB28-4006-8A8B-2995F9312CED}
	EndGlobalSection
EndGlobal
